{
  "name": "@iris-extension/sillytavern",
  "version": "0.1.0",
  "lockfileVersion": 3,
  "requires": true,
  "packages": {
    "": {
      "name": "@iris-extension/sillytavern",
      "version": "0.1.0",
      "dependencies": {
        "fast-tavern": "file:../../npm-fast-tavern",
        "irises-extension-sdk": "file:../../packages/extension-sdk"
      }
    },
    "../../npm-fast-tavern": {
      "name": "fast-tavern",
      "version": "0.1.5",
      "license": "MIT",
      "devDependencies": {
        "tsup": "^8.5.0",
        "typescript": "^5.9.3"
      }
    },
    "../../packages/extension-sdk": {
      "name": "irises-extension-sdk",
      "version": "0.1.0",
      "license": "GPL-3.0-only",
      "devDependencies": {
        "@types/node": "^22.19.15",
        "typescript": "^5.7.0"
      },
      "engines": {
        "node": ">=18"
      }
    },
    "node_modules/fast-tavern": {
      "resolved": "../../npm-fast-tavern",
      "link": true
    },
    "node_modules/irises-extension-sdk": {
      "resolved": "../../packages/extension-sdk",
      "link": true
    }
  }
}
