{
  "name": "@iris-extension/sillytavern",
  "version": "0.1.0",
  "lockfileVersion": 3,
  "requires": true,
  "packages": {
    "": {
      "name": "@iris-extension/sillytavern",
      "version": "0.1.0",
      "dependencies": {
        "fast-tavern": "^0.1.5",
        "irises-extension-sdk": "file:../../packages/extension-sdk"
      }
    },
    "../../packages/extension-sdk": {
      "name": "irises-extension-sdk",
      "version": "0.1.0",
      "license": "GPL-3.0-only",
      "devDependencies": {
        "@types/node": "^22.19.15",
        "typescript": "^5.7.0"
      },
      "engines": {
        "node": ">=18"
      }
    },
    "node_modules/fast-tavern": {
      "version": "0.1.5",
      "resolved": "https://registry.npmjs.org/fast-tavern/-/fast-tavern-0.1.5.tgz",
      "integrity": "sha512-XPrjm7QRXwguzM41V61xvZ9NdUHo8/iOA5UtU/oSjQ1su8hBlWusp8Xb+i+nd5jeesutcsbAnPanPy+ZzuYGIA==",
      "license": "MIT"
    },
    "node_modules/irises-extension-sdk": {
      "resolved": "../../packages/extension-sdk",
      "link": true
    }
  }
}
