{
  "lockfileVersion": 1,
  "configVersion": 0,
  "workspaces": {
    "": {
      "name": "@iris-extension/cron",
      "dependencies": {
        "@irises/extension-sdk": "file:../../packages/extension-sdk",
        "croner": "^10.0.1",
      },
    },
  },
  "packages": {
    "@irises/extension-sdk": ["@irises/extension-sdk@file:../../packages/extension-sdk", {}],

    "croner": ["croner@10.0.1", "", {}, "sha512-ixNtAJndqh173VQ4KodSdJEI6nuioBWI0V1ITNKhZZsO0pEMoDxz539T4FTTbSZ/xIOSuDnzxLVRqBVSvPNE2g=="],
  }
}
